
Microsoft Visual Studio Solution File, Format Version 12.00
# Visual Studio Version 16
VisualStudioVersion = 16.0.31313.79
MinimumVisualStudioVersion = 10.0.40219.1
Project("{9A19103F-16F7-4668-BE54-9A1E7A4F7556}") = "Flows.ServiceHost", "Flows.ServiceHost\Flows.ServiceHost.csproj", "{B3E749D5-57EB-4907-8242-C4C920A73E40}"
EndProject
Project("{FAE04EC0-301F-11D3-BF4B-00C04F79EFBC}") = "Flows.Domain", "Flows.Domain\Flows.Domain.csproj", "{32A4117F-62BB-4D66-B408-24BAE791B274}"
EndProject
Project("{9A19103F-16F7-4668-BE54-9A1E7A4F7556}") = "Flows.DataAccess", "Flows.DataAccess\Flows.DataAccess.csproj", "{ED172E1F-26E0-48A4-A0B3-0A9553952B7A}"
EndProject
Global
	GlobalSection(SolutionConfigurationPlatforms) = preSolution
		Debug|Any CPU = Debug|Any CPU
		Release|Any CPU = Release|Any CPU
	EndGlobalSection
	GlobalSection(ProjectConfigurationPlatforms) = postSolution
		{B3E749D5-57EB-4907-8242-C4C920A73E40}.Debug|Any CPU.ActiveCfg = Debug|Any CPU
		{B3E749D5-57EB-4907-8242-C4C920A73E40}.Debug|Any CPU.Build.0 = Debug|Any CPU
		{B3E749D5-57EB-4907-8242-C4C920A73E40}.Release|Any CPU.ActiveCfg = Release|Any CPU
		{B3E749D5-57EB-4907-8242-C4C920A73E40}.Release|Any CPU.Build.0 = Release|Any CPU
		{32A4117F-62BB-4D66-B408-24BAE791B274}.Debug|Any CPU.ActiveCfg = Debug|Any CPU
		{32A4117F-62BB-4D66-B408-24BAE791B274}.Debug|Any CPU.Build.0 = Debug|Any CPU
		{32A4117F-62BB-4D66-B408-24BAE791B274}.Release|Any CPU.ActiveCfg = Release|Any CPU
		{32A4117F-62BB-4D66-B408-24BAE791B274}.Release|Any CPU.Build.0 = Release|Any CPU
		{ED172E1F-26E0-48A4-A0B3-0A9553952B7A}.Debug|Any CPU.ActiveCfg = Debug|Any CPU
		{ED172E1F-26E0-48A4-A0B3-0A9553952B7A}.Debug|Any CPU.Build.0 = Debug|Any CPU
		{ED172E1F-26E0-48A4-A0B3-0A9553952B7A}.Release|Any CPU.ActiveCfg = Release|Any CPU
		{ED172E1F-26E0-48A4-A0B3-0A9553952B7A}.Release|Any CPU.Build.0 = Release|Any CPU
	EndGlobalSection
	GlobalSection(SolutionProperties) = preSolution
		HideSolutionNode = FALSE
	EndGlobalSection
	GlobalSection(ExtensibilityGlobals) = postSolution
		SolutionGuid = {FE8B2930-43F4-4FB7-8D46-3E269BB3FD52}
	EndGlobalSection
EndGlobal
